<?xml version="1.0" encoding="utf-8"?>
<Project ToolsVersion="4.0" xmlns="http://schemas.microsoft.com/developer/msbuild/2003">
  <ItemGroup>
    <Filter Include="Source Files">
      <UniqueIdentifier>{4FC737F1-C7A5-4376-A066-2A32D752A2FF}</UniqueIdentifier>
      <Extensions>cpp;c;cc;cxx;c++;cppm;ixx;def;odl;idl;hpj;bat;asm;asmx</Extensions>
    </Filter>
    <Filter Include="Header Files">
      <UniqueIdentifier>{93995380-89BD-4b04-88EB-625FBE52EBFB}</UniqueIdentifier>
      <Extensions>h;hh;hpp;hxx;h++;hm;inl;inc;ipp;xsd</Extensions>
    </Filter>
    <Filter Include="Resource Files">
      <UniqueIdentifier>{67DA6AB6-F800-4c08-8B7A-83BB121AAD01}</UniqueIdentifier>
      <Extensions>rc;ico;cur;bmp;dlg;rc2;rct;bin;rgs;gif;jpg;jpeg;jpe;resx;tiff;tif;png;wav;mfcribbon-ms</Extensions>
    </Filter>
  </ItemGroup>
  <ItemGroup>
    <ClCompile Include="storage_manager.cpp">
      <Filter>Source Files</Filter>
    </ClCompile>
    <ClCompile Include="store_manager.cpp">
      <Filter>Source Files</Filter>
    </ClCompile>
    <ClCompile Include="types.cpp">
      <Filter>Source Files</Filter>
    </ClCompile>
    <ClCompile Include="user_manager.cpp">
      <Filter>Source Files</Filter>
    </ClCompile>
    <ClCompile Include="voice_manager.cpp">
      <Filter>Source Files</Filter>
    </ClCompile>
    <ClCompile Include="achievement_manager.cpp">
      <Filter>Source Files</Filter>
    </ClCompile>
    <ClCompile Include="activity_manager.cpp">
      <Filter>Source Files</Filter>
    </ClCompile>
    <ClCompile Include="application_manager.cpp">
      <Filter>Source Files</Filter>
    </ClCompile>
    <ClCompile Include="core.cpp">
      <Filter>Source Files</Filter>
    </ClCompile>
    <ClCompile Include="image_manager.cpp">
      <Filter>Source Files</Filter>
    </ClCompile>
    <ClCompile Include="lobby_manager.cpp">
      <Filter>Source Files</Filter>
    </ClCompile>
    <ClCompile Include="network_manager.cpp">
      <Filter>Source Files</Filter>
    </ClCompile>
    <ClCompile Include="overlay_manager.cpp">
      <Filter>Source Files</Filter>
    </ClCompile>
    <ClCompile Include="relationship_manager.cpp">
      <Filter>Source Files</Filter>
    </ClCompile>
  </ItemGroup>
  <ItemGroup>
    <ClInclude Include="storage_manager.h">
      <Filter>Header Files</Filter>
    </ClInclude>
    <ClInclude Include="store_manager.h">
      <Filter>Header Files</Filter>
    </ClInclude>
    <ClInclude Include="types.h">
      <Filter>Header Files</Filter>
    </ClInclude>
    <ClInclude Include="user_manager.h">
      <Filter>Header Files</Filter>
    </ClInclude>
    <ClInclude Include="voice_manager.h">
      <Filter>Header Files</Filter>
    </ClInclude>
    <ClInclude Include="achievement_manager.h">
      <Filter>Header Files</Filter>
    </ClInclude>
    <ClInclude Include="activity_manager.h">
      <Filter>Header Files</Filter>
    </ClInclude>
    <ClInclude Include="application_manager.h">
      <Filter>Header Files</Filter>
    </ClInclude>
    <ClInclude Include="core.h">
      <Filter>Header Files</Filter>
    </ClInclude>
    <ClInclude Include="discord.h">
      <Filter>Header Files</Filter>
    </ClInclude>
    <ClInclude Include="event.h">
      <Filter>Header Files</Filter>
    </ClInclude>
    <ClInclude Include="ffi.h">
      <Filter>Header Files</Filter>
    </ClInclude>
    <ClInclude Include="image_manager.h">
      <Filter>Header Files</Filter>
    </ClInclude>
    <ClInclude Include="lobby_manager.h">
      <Filter>Header Files</Filter>
    </ClInclude>
    <ClInclude Include="network_manager.h">
      <Filter>Header Files</Filter>
    </ClInclude>
    <ClInclude Include="overlay_manager.h">
      <Filter>Header Files</Filter>
    </ClInclude>
    <ClInclude Include="relationship_manager.h">
      <Filter>Header Files</Filter>
    </ClInclude>
  </ItemGroup>
</Project>