
Microsoft Visual Studio Solution File, Format Version 12.00
# Visual Studio Version 16
VisualStudioVersion = 16.0.31410.357
MinimumVisualStudioVersion = 10.0.40219.1
Project("{FAE04EC0-301F-11D3-BF4B-00C04F79EFBC}") = "WorldsEngineManaged", "WorldsEngineManaged.csproj", "{5C832E0D-DB9E-4874-A931-A576D53AC18B}"
EndProject
Project("{FAE04EC0-301F-11D3-BF4B-00C04F79EFBC}") = "WorldsEngineManaged.Tests", "..\WorldsEngineManaged.Tests\WorldsEngineManaged.Tests.csproj", "{8EB1CAB2-8727-49D1-8F74-D8F0CC60A16A}"
EndProject
Global
	GlobalSection(SolutionConfigurationPlatforms) = preSolution
		Debug|Any CPU = Debug|Any CPU
		Release|Any CPU = Release|Any CPU
	EndGlobalSection
	GlobalSection(ProjectConfigurationPlatforms) = postSolution
		{5C832E0D-DB9E-4874-A931-A576D53AC18B}.Debug|Any CPU.ActiveCfg = Debug|Any CPU
		{5C832E0D-DB9E-4874-A931-A576D53AC18B}.Debug|Any CPU.Build.0 = Debug|Any CPU
		{5C832E0D-DB9E-4874-A931-A576D53AC18B}.Release|Any CPU.ActiveCfg = Release|Any CPU
		{5C832E0D-DB9E-4874-A931-A576D53AC18B}.Release|Any CPU.Build.0 = Release|Any CPU
		{8EB1CAB2-8727-49D1-8F74-D8F0CC60A16A}.Debug|Any CPU.ActiveCfg = Debug|Any CPU
		{8EB1CAB2-8727-49D1-8F74-D8F0CC60A16A}.Debug|Any CPU.Build.0 = Debug|Any CPU
		{8EB1CAB2-8727-49D1-8F74-D8F0CC60A16A}.Release|Any CPU.ActiveCfg = Release|Any CPU
		{8EB1CAB2-8727-49D1-8F74-D8F0CC60A16A}.Release|Any CPU.Build.0 = Release|Any CPU
	EndGlobalSection
	GlobalSection(SolutionProperties) = preSolution
		HideSolutionNode = FALSE
	EndGlobalSection
	GlobalSection(ExtensibilityGlobals) = postSolution
		SolutionGuid = {114BDB96-EF6D-47E4-83EB-FECA21DA2277}
	EndGlobalSection
EndGlobal
