<?xml version="1.0" encoding="utf-8"?>
<Project ToolsVersion="4.0" xmlns="http://schemas.microsoft.com/developer/msbuild/2003">
  <ItemGroup>
    <Filter Include="AssetCompilation">
      <UniqueIdentifier>{13338711-475b-4d42-aaaa-f65c029d6e83}</UniqueIdentifier>
    </Filter>
    <Filter Include="Audio">
      <UniqueIdentifier>{bd5c184d-75ee-46fe-a558-73369908d2c2}</UniqueIdentifier>
    </Filter>
    <Filter Include="ComponentMeta">
      <UniqueIdentifier>{f2a37a20-6a87-44ec-9b27-d59222463d6a}</UniqueIdentifier>
    </Filter>
    <Filter Include="Core">
      <UniqueIdentifier>{fbfca858-c88d-4489-967e-195b32adbe18}</UniqueIdentifier>
    </Filter>
    <Filter Include="Editor">
      <UniqueIdentifier>{a90260bb-5932-4dbc-83d7-b9857f334b50}</UniqueIdentifier>
    </Filter>
    <Filter Include="Editor\EditorWindows">
      <UniqueIdentifier>{3f6db829-5f26-4391-ad7b-53d8d7f36878}</UniqueIdentifier>
    </Filter>
    <Filter Include="ImGui">
      <UniqueIdentifier>{5fe41f92-8e6b-46da-a2b3-4db87e0aaa7c}</UniqueIdentifier>
    </Filter>
    <Filter Include="Input">
      <UniqueIdentifier>{34fe4a53-92a7-4109-9680-bc6a018f2078}</UniqueIdentifier>
    </Filter>
    <Filter Include="IO">
      <UniqueIdentifier>{8d603f67-1b5e-4714-a6cb-16268efa2de7}</UniqueIdentifier>
    </Filter>
    <Filter Include="Libs">
      <UniqueIdentifier>{fc3113f2-91b0-48fb-8693-80ccd21d85ac}</UniqueIdentifier>
    </Filter>
    <Filter Include="Libs\crnlib">
      <UniqueIdentifier>{fea80768-cd35-49e8-ac6a-e008d29929b5}</UniqueIdentifier>
    </Filter>
    <Filter Include="Physics">
      <UniqueIdentifier>{e3f9d617-864d-4bc1-b200-9ff67a91cae4}</UniqueIdentifier>
    </Filter>
    <Filter Include="Render">
      <UniqueIdentifier>{39329cde-40a0-4a81-a231-3fc762c15e5a}</UniqueIdentifier>
    </Filter>
    <Filter Include="Render\vku">
      <UniqueIdentifier>{fd9c49dd-b707-4378-9b6a-16d2d96b289b}</UniqueIdentifier>
    </Filter>
    <Filter Include="Render\Loaders">
      <UniqueIdentifier>{0438b5c2-36d7-4830-a5f5-0e985f5af856}</UniqueIdentifier>
    </Filter>
    <Filter Include="Scripting">
      <UniqueIdentifier>{26535458-e893-4863-a5fd-f995a8209e04}</UniqueIdentifier>
    </Filter>
    <Filter Include="Serialization">
      <UniqueIdentifier>{ff42daa3-910b-43a2-885f-de4b47db8008}</UniqueIdentifier>
    </Filter>
    <Filter Include="UI">
      <UniqueIdentifier>{012bd12c-6c0b-40a9-bda2-76c440d3a50b}</UniqueIdentifier>
    </Filter>
    <Filter Include="Util">
      <UniqueIdentifier>{736b50cf-e42f-4e7b-a14c-f3b438ccd6ff}</UniqueIdentifier>
    </Filter>
    <Filter Include="VR">
      <UniqueIdentifier>{238499a9-cf38-4ad0-97d8-6b008f21f5e0}</UniqueIdentifier>
    </Filter>
    <Filter Include="LonelyGalaxy">
      <UniqueIdentifier>{e84d1021-f701-48c9-8c3e-7c6b7dae3a33}</UniqueIdentifier>
    </Filter>
    <Filter Include="Core\SplashScreenImpls">
      <UniqueIdentifier>{038b84be-e0e1-498b-b47e-62f42f8839be}</UniqueIdentifier>
    </Filter>
    <Filter Include="Navigation">
      <UniqueIdentifier>{3291c057-ab3a-4e3b-a82f-ce6c4275693e}</UniqueIdentifier>
    </Filter>
  </ItemGroup>
  <ItemGroup>
    <ClCompile Include="..\WorldsEngine\AssetCompilation\AssetCompilerUtil.cpp">
      <Filter>AssetCompilation</Filter>
    </ClCompile>
    <ClCompile Include="..\WorldsEngine\AssetCompilation\ModelCompiler.cpp">
      <Filter>AssetCompilation</Filter>
    </ClCompile>
    <ClCompile Include="..\WorldsEngine\AssetCompilation\TextureCompiler.cpp">
      <Filter>AssetCompilation</Filter>
    </ClCompile>
    <ClCompile Include="..\WorldsEngine\AssetCompilation\AssetCompilers.cpp">
      <Filter>AssetCompilation</Filter>
    </ClCompile>
    <ClCompile Include="..\WorldsEngine\Audio\Audio.cpp">
      <Filter>Audio</Filter>
    </ClCompile>
    <ClCompile Include="..\WorldsEngine\ComponentMeta\ComponentFuncs.cpp">
      <Filter>ComponentMeta</Filter>
    </ClCompile>
    <ClCompile Include="..\WorldsEngine\Core\JobSystem.cpp">
      <Filter>Core</Filter>
    </ClCompile>
    <ClCompile Include="..\WorldsEngine\Core\SplashWindow.cpp">
      <Filter>Core</Filter>
    </ClCompile>
    <ClCompile Include="..\WorldsEngine\Core\AssetDB.cpp">
      <Filter>Core</Filter>
    </ClCompile>
    <ClCompile Include="..\WorldsEngine\Core\Console.cpp">
      <Filter>Core</Filter>
    </ClCompile>
    <ClCompile Include="..\WorldsEngine\Core\EarlySDLUtil.cpp">
      <Filter>Core</Filter>
    </ClCompile>
    <ClCompile Include="..\WorldsEngine\Core\Engine.cpp">
      <Filter>Core</Filter>
    </ClCompile>
    <ClCompile Include="..\WorldsEngine\Core\Fatal.cpp">
      <Filter>Core</Filter>
    </ClCompile>
    <ClCompile Include="..\WorldsEngine\Editor\EditorWindows\Assets.cpp">
      <Filter>Editor\EditorWindows</Filter>
    </ClCompile>
    <ClCompile Include="..\WorldsEngine\Editor\EditorWindows\BakingWindow.cpp">
      <Filter>Editor\EditorWindows</Filter>
    </ClCompile>
    <ClCompile Include="..\WorldsEngine\Editor\EditorWindows\EntityList.cpp">
      <Filter>Editor\EditorWindows</Filter>
    </ClCompile>
    <ClCompile Include="..\WorldsEngine\Editor\EditorWindows\GameControls.cpp">
      <Filter>Editor\EditorWindows</Filter>
    </ClCompile>
    <ClCompile Include="..\WorldsEngine\Editor\EditorWindows\MaterialEditor.cpp">
      <Filter>Editor\EditorWindows</Filter>
    </ClCompile>
    <ClCompile Include="..\WorldsEngine\Editor\EditorWindows\SceneSettingsWindow.cpp">
      <Filter>Editor\EditorWindows</Filter>
    </ClCompile>
    <ClCompile Include="..\WorldsEngine\Editor\EditorWindows\StyleEditor.cpp">
      <Filter>Editor\EditorWindows</Filter>
    </ClCompile>
    <ClCompile Include="..\WorldsEngine\Editor\EditorWindows\AboutWindow.cpp">
      <Filter>Editor\EditorWindows</Filter>
    </ClCompile>
    <ClCompile Include="..\WorldsEngine\Editor\EditorWindows\AssetEditor.cpp">
      <Filter>Editor\EditorWindows</Filter>
    </ClCompile>
    <ClCompile Include="..\WorldsEngine\Editor\UITextureManager.cpp">
      <Filter>Editor</Filter>
    </ClCompile>
    <ClCompile Include="..\WorldsEngine\Editor\AssetEditors.cpp">
      <Filter>Editor</Filter>
    </ClCompile>
    <ClCompile Include="..\WorldsEngine\Editor\DefaultUITheme.cpp">
      <Filter>Editor</Filter>
    </ClCompile>
    <ClCompile Include="..\WorldsEngine\Editor\Editor.cpp">
      <Filter>Editor</Filter>
    </ClCompile>
    <ClCompile Include="..\WorldsEngine\Editor\EditorSceneView.cpp">
      <Filter>Editor</Filter>
    </ClCompile>
    <ClCompile Include="..\WorldsEngine\Editor\EditorUndo.cpp">
      <Filter>Editor</Filter>
    </ClCompile>
    <ClCompile Include="..\WorldsEngine\Editor\GuiUtil.cpp">
      <Filter>Editor</Filter>
    </ClCompile>
    <ClCompile Include="..\WorldsEngine\Editor\ModelEditor.cpp">
      <Filter>Editor</Filter>
    </ClCompile>
    <ClCompile Include="..\WorldsEngine\Editor\TextureEditor.cpp">
      <Filter>Editor</Filter>
    </ClCompile>
    <ClCompile Include="..\WorldsEngine\ImGui\cimgui.cpp">
      <Filter>ImGui</Filter>
    </ClCompile>
    <ClCompile Include="..\WorldsEngine\ImGui\imgui.cpp">
      <Filter>ImGui</Filter>
    </ClCompile>
    <ClCompile Include="..\WorldsEngine\ImGui\imgui_demo.cpp">
      <Filter>ImGui</Filter>
    </ClCompile>
    <ClCompile Include="..\WorldsEngine\ImGui\imgui_draw.cpp">
      <Filter>ImGui</Filter>
    </ClCompile>
    <ClCompile Include="..\WorldsEngine\ImGui\imgui_impl_sdl.cpp">
      <Filter>ImGui</Filter>
    </ClCompile>
    <ClCompile Include="..\WorldsEngine\ImGui\imgui_impl_vulkan.cpp">
      <Filter>ImGui</Filter>
    </ClCompile>
    <ClCompile Include="..\WorldsEngine\ImGui\imgui_stdlib.cpp">
      <Filter>ImGui</Filter>
    </ClCompile>
    <ClCompile Include="..\WorldsEngine\ImGui\imgui_tables.cpp">
      <Filter>ImGui</Filter>
    </ClCompile>
    <ClCompile Include="..\WorldsEngine\ImGui\imgui_widgets.cpp">
      <Filter>ImGui</Filter>
    </ClCompile>
    <ClCompile Include="..\WorldsEngine\ImGui\ImGuizmo.cpp">
      <Filter>ImGui</Filter>
    </ClCompile>
    <ClCompile Include="..\WorldsEngine\Input\Input.cpp">
      <Filter>Input</Filter>
    </ClCompile>
    <ClCompile Include="..\WorldsEngine\IO\IOUtil.cpp">
      <Filter>IO</Filter>
    </ClCompile>
    <ClCompile Include="..\WorldsEngine\IO\physfs.cpp">
      <Filter>IO</Filter>
    </ClCompile>
    <ClCompile Include="..\WorldsEngine\Libs\mikktspace.c">
      <Filter>Libs</Filter>
    </ClCompile>
    <ClCompile Include="..\WorldsEngine\Libs\pcg_basic.c">
      <Filter>Libs</Filter>
    </ClCompile>
    <ClCompile Include="..\WorldsEngine\Libs\tiny_obj_loader.cc">
      <Filter>Libs</Filter>
    </ClCompile>
    <ClCompile Include="..\WorldsEngine\Libs\volk.c">
      <Filter>Libs</Filter>
    </ClCompile>
    <ClCompile Include="..\WorldsEngine\Libs\weldmesh.cpp">
      <Filter>Libs</Filter>
    </ClCompile>
    <ClCompile Include="..\WorldsEngine\Libs\crnlib\crn_checksum.cpp">
      <Filter>Libs\crnlib</Filter>
    </ClCompile>
    <ClCompile Include="..\WorldsEngine\Libs\crnlib\crn_colorized_console.cpp">
      <Filter>Libs\crnlib</Filter>
    </ClCompile>
    <ClCompile Include="..\WorldsEngine\Libs\crnlib\crn_command_line_params.cpp">
      <Filter>Libs\crnlib</Filter>
    </ClCompile>
    <ClCompile Include="..\WorldsEngine\Libs\crnlib\crn_comp.cpp">
      <Filter>Libs\crnlib</Filter>
    </ClCompile>
    <ClCompile Include="..\WorldsEngine\Libs\crnlib\crn_console.cpp">
      <Filter>Libs\crnlib</Filter>
    </ClCompile>
    <ClCompile Include="..\WorldsEngine\Libs\crnlib\crn_core.cpp">
      <Filter>Libs\crnlib</Filter>
    </ClCompile>
    <ClCompile Include="..\WorldsEngine\Libs\crnlib\crn_data_stream.cpp">
      <Filter>Libs\crnlib</Filter>
    </ClCompile>
    <ClCompile Include="..\WorldsEngine\Libs\crnlib\crn_dds_comp.cpp">
      <Filter>Libs\crnlib</Filter>
    </ClCompile>
    <ClCompile Include="..\WorldsEngine\Libs\crnlib\crn_decomp.cpp">
      <Filter>Libs\crnlib</Filter>
    </ClCompile>
    <ClCompile Include="..\WorldsEngine\Libs\crnlib\crn_dxt.cpp">
      <Filter>Libs\crnlib</Filter>
    </ClCompile>
    <ClCompile Include="..\WorldsEngine\Libs\crnlib\crn_dxt_endpoint_refiner.cpp">
      <Filter>Libs\crnlib</Filter>
    </ClCompile>
    <ClCompile Include="..\WorldsEngine\Libs\crnlib\crn_dxt_fast.cpp">
      <Filter>Libs\crnlib</Filter>
    </ClCompile>
    <ClCompile Include="..\WorldsEngine\Libs\crnlib\crn_dxt_hc.cpp">
      <Filter>Libs\crnlib</Filter>
    </ClCompile>
    <ClCompile Include="..\WorldsEngine\Libs\crnlib\crn_dxt_hc_common.cpp">
      <Filter>Libs\crnlib</Filter>
    </ClCompile>
    <ClCompile Include="..\WorldsEngine\Libs\crnlib\crn_dxt_image.cpp">
      <Filter>Libs\crnlib</Filter>
    </ClCompile>
    <ClCompile Include="..\WorldsEngine\Libs\crnlib\crn_dxt1.cpp">
      <Filter>Libs\crnlib</Filter>
    </ClCompile>
    <ClCompile Include="..\WorldsEngine\Libs\crnlib\crn_dxt5a.cpp">
      <Filter>Libs\crnlib</Filter>
    </ClCompile>
    <ClCompile Include="..\WorldsEngine\Libs\crnlib\crn_dynamic_string.cpp">
      <Filter>Libs\crnlib</Filter>
    </ClCompile>
    <ClCompile Include="..\WorldsEngine\Libs\crnlib\crn_etc.cpp">
      <Filter>Libs\crnlib</Filter>
    </ClCompile>
    <ClCompile Include="..\WorldsEngine\Libs\crnlib\crn_file_utils.cpp">
      <Filter>Libs\crnlib</Filter>
    </ClCompile>
    <ClCompile Include="..\WorldsEngine\Libs\crnlib\crn_find_files.cpp">
      <Filter>Libs\crnlib</Filter>
    </ClCompile>
    <ClCompile Include="..\WorldsEngine\Libs\crnlib\crn_hash.cpp">
      <Filter>Libs\crnlib</Filter>
    </ClCompile>
    <ClCompile Include="..\WorldsEngine\Libs\crnlib\crn_hash_map.cpp">
      <Filter>Libs\crnlib</Filter>
    </ClCompile>
    <ClCompile Include="..\WorldsEngine\Libs\crnlib\crn_huffman_codes.cpp">
      <Filter>Libs\crnlib</Filter>
    </ClCompile>
    <ClCompile Include="..\WorldsEngine\Libs\crnlib\crn_image_utils.cpp">
      <Filter>Libs\crnlib</Filter>
    </ClCompile>
    <ClCompile Include="..\WorldsEngine\Libs\crnlib\crn_jpgd.cpp">
      <Filter>Libs\crnlib</Filter>
    </ClCompile>
    <ClCompile Include="..\WorldsEngine\Libs\crnlib\crn_jpge.cpp">
      <Filter>Libs\crnlib</Filter>
    </ClCompile>
    <ClCompile Include="..\WorldsEngine\Libs\crnlib\crn_ktx_texture.cpp">
      <Filter>Libs\crnlib</Filter>
    </ClCompile>
    <ClCompile Include="..\WorldsEngine\Libs\crnlib\crn_lzma_codec.cpp">
      <Filter>Libs\crnlib</Filter>
    </ClCompile>
    <ClCompile Include="..\WorldsEngine\Libs\crnlib\crn_math.cpp">
      <Filter>Libs\crnlib</Filter>
    </ClCompile>
    <ClCompile Include="..\WorldsEngine\Libs\crnlib\crn_mem.cpp">
      <Filter>Libs\crnlib</Filter>
    </ClCompile>
    <ClCompile Include="..\WorldsEngine\Libs\crnlib\crn_miniz.cpp">
      <Filter>Libs\crnlib</Filter>
    </ClCompile>
    <ClCompile Include="..\WorldsEngine\Libs\crnlib\crn_mipmapped_texture.cpp">
      <Filter>Libs\crnlib</Filter>
    </ClCompile>
    <ClCompile Include="..\WorldsEngine\Libs\crnlib\crn_pixel_format.cpp">
      <Filter>Libs\crnlib</Filter>
    </ClCompile>
    <ClCompile Include="..\WorldsEngine\Libs\crnlib\crn_platform.cpp">
      <Filter>Libs\crnlib</Filter>
    </ClCompile>
    <ClCompile Include="..\WorldsEngine\Libs\crnlib\crn_prefix_coding.cpp">
      <Filter>Libs\crnlib</Filter>
    </ClCompile>
    <ClCompile Include="..\WorldsEngine\Libs\crnlib\crn_qdxt1.cpp">
      <Filter>Libs\crnlib</Filter>
    </ClCompile>
    <ClCompile Include="..\WorldsEngine\Libs\crnlib\crn_qdxt5.cpp">
      <Filter>Libs\crnlib</Filter>
    </ClCompile>
    <ClCompile Include="..\WorldsEngine\Libs\crnlib\crn_rand.cpp">
      <Filter>Libs\crnlib</Filter>
    </ClCompile>
    <ClCompile Include="..\WorldsEngine\Libs\crnlib\crn_resample_filters.cpp">
      <Filter>Libs\crnlib</Filter>
    </ClCompile>
    <ClCompile Include="..\WorldsEngine\Libs\crnlib\crn_resampler.cpp">
      <Filter>Libs\crnlib</Filter>
    </ClCompile>
    <ClCompile Include="..\WorldsEngine\Libs\crnlib\crn_rg_etc1.cpp">
      <Filter>Libs\crnlib</Filter>
    </ClCompile>
    <ClCompile Include="..\WorldsEngine\Libs\crnlib\crn_ryg_dxt.cpp">
      <Filter>Libs\crnlib</Filter>
    </ClCompile>
    <ClCompile Include="..\WorldsEngine\Libs\crnlib\crn_sparse_bit_array.cpp">
      <Filter>Libs\crnlib</Filter>
    </ClCompile>
    <ClCompile Include="..\WorldsEngine\Libs\crnlib\crn_stb_image.cpp">
      <Filter>Libs\crnlib</Filter>
    </ClCompile>
    <ClCompile Include="..\WorldsEngine\Libs\crnlib\crn_strutils.cpp">
      <Filter>Libs\crnlib</Filter>
    </ClCompile>
    <ClCompile Include="..\WorldsEngine\Libs\crnlib\crn_symbol_codec.cpp">
      <Filter>Libs\crnlib</Filter>
    </ClCompile>
    <ClCompile Include="..\WorldsEngine\Libs\crnlib\crn_texture_comp.cpp">
      <Filter>Libs\crnlib</Filter>
    </ClCompile>
    <ClCompile Include="..\WorldsEngine\Libs\crnlib\crn_texture_conversion.cpp">
      <Filter>Libs\crnlib</Filter>
    </ClCompile>
    <ClCompile Include="..\WorldsEngine\Libs\crnlib\crn_texture_file_types.cpp">
      <Filter>Libs\crnlib</Filter>
    </ClCompile>
    <ClCompile Include="..\WorldsEngine\Libs\crnlib\crn_threaded_resampler.cpp">
      <Filter>Libs\crnlib</Filter>
    </ClCompile>
    <ClCompile Include="..\WorldsEngine\Libs\crnlib\crn_threading_pthreads.cpp">
      <Filter>Libs\crnlib</Filter>
    </ClCompile>
    <ClCompile Include="..\WorldsEngine\Libs\crnlib\crn_threading_win32.cpp">
      <Filter>Libs\crnlib</Filter>
    </ClCompile>
    <ClCompile Include="..\WorldsEngine\Libs\crnlib\crn_timer.cpp">
      <Filter>Libs\crnlib</Filter>
    </ClCompile>
    <ClCompile Include="..\WorldsEngine\Libs\crnlib\crn_utils.cpp">
      <Filter>Libs\crnlib</Filter>
    </ClCompile>
    <ClCompile Include="..\WorldsEngine\Libs\crnlib\crn_value.cpp">
      <Filter>Libs\crnlib</Filter>
    </ClCompile>
    <ClCompile Include="..\WorldsEngine\Libs\crnlib\crn_vector.cpp">
      <Filter>Libs\crnlib</Filter>
    </ClCompile>
    <ClCompile Include="..\WorldsEngine\Libs\crnlib\crn_zeng.cpp">
      <Filter>Libs\crnlib</Filter>
    </ClCompile>
    <ClCompile Include="..\WorldsEngine\Libs\crnlib\crnlib.cpp">
      <Filter>Libs\crnlib</Filter>
    </ClCompile>
    <ClCompile Include="..\WorldsEngine\Libs\crnlib\lzham_timer.cpp">
      <Filter>Libs\crnlib</Filter>
    </ClCompile>
    <ClCompile Include="..\WorldsEngine\Libs\crnlib\lzham_win32_threading.cpp">
      <Filter>Libs\crnlib</Filter>
    </ClCompile>
    <ClCompile Include="..\WorldsEngine\Libs\crnlib\lzma_7zBuf.cpp">
      <Filter>Libs\crnlib</Filter>
    </ClCompile>
    <ClCompile Include="..\WorldsEngine\Libs\crnlib\lzma_7zBuf2.cpp">
      <Filter>Libs\crnlib</Filter>
    </ClCompile>
    <ClCompile Include="..\WorldsEngine\Libs\crnlib\lzma_7zCrc.cpp">
      <Filter>Libs\crnlib</Filter>
    </ClCompile>
    <ClCompile Include="..\WorldsEngine\Libs\crnlib\lzma_7zFile.cpp">
      <Filter>Libs\crnlib</Filter>
    </ClCompile>
    <ClCompile Include="..\WorldsEngine\Libs\crnlib\lzma_7zStream.cpp">
      <Filter>Libs\crnlib</Filter>
    </ClCompile>
    <ClCompile Include="..\WorldsEngine\Libs\crnlib\lzma_Alloc.cpp">
      <Filter>Libs\crnlib</Filter>
    </ClCompile>
    <ClCompile Include="..\WorldsEngine\Libs\crnlib\lzma_Bcj2.cpp">
      <Filter>Libs\crnlib</Filter>
    </ClCompile>
    <ClCompile Include="..\WorldsEngine\Libs\crnlib\lzma_Bra.cpp">
      <Filter>Libs\crnlib</Filter>
    </ClCompile>
    <ClCompile Include="..\WorldsEngine\Libs\crnlib\lzma_Bra86.cpp">
      <Filter>Libs\crnlib</Filter>
    </ClCompile>
    <ClCompile Include="..\WorldsEngine\Libs\crnlib\lzma_BraIA64.cpp">
      <Filter>Libs\crnlib</Filter>
    </ClCompile>
    <ClCompile Include="..\WorldsEngine\Libs\crnlib\lzma_LzFind.cpp">
      <Filter>Libs\crnlib</Filter>
    </ClCompile>
    <ClCompile Include="..\WorldsEngine\Libs\crnlib\lzma_LzFindMt.cpp">
      <Filter>Libs\crnlib</Filter>
    </ClCompile>
    <ClCompile Include="..\WorldsEngine\Libs\crnlib\lzma_LzmaDec.cpp">
      <Filter>Libs\crnlib</Filter>
    </ClCompile>
    <ClCompile Include="..\WorldsEngine\Libs\crnlib\lzma_LzmaEnc.cpp">
      <Filter>Libs\crnlib</Filter>
    </ClCompile>
    <ClCompile Include="..\WorldsEngine\Libs\crnlib\lzma_LzmaLib.cpp">
      <Filter>Libs\crnlib</Filter>
    </ClCompile>
    <ClCompile Include="..\WorldsEngine\Libs\crnlib\lzma_Threads.cpp">
      <Filter>Libs\crnlib</Filter>
    </ClCompile>
    <ClCompile Include="..\WorldsEngine\Libs\crnlib\crn_arealist.cpp">
      <Filter>Libs\crnlib</Filter>
    </ClCompile>
    <ClCompile Include="..\WorldsEngine\Libs\crnlib\crn_assert.cpp">
      <Filter>Libs\crnlib</Filter>
    </ClCompile>
    <ClCompile Include="..\WorldsEngine\Physics\FixedJoint.cpp">
      <Filter>Physics</Filter>
    </ClCompile>
    <ClCompile Include="..\WorldsEngine\Physics\Physics.cpp">
      <Filter>Physics</Filter>
    </ClCompile>
    <ClCompile Include="..\WorldsEngine\Physics\PhysicsActor.cpp">
      <Filter>Physics</Filter>
    </ClCompile>
    <ClCompile Include="..\WorldsEngine\Physics\D6Joint.cpp">
      <Filter>Physics</Filter>
    </ClCompile>
    <ClCompile Include="..\WorldsEngine\Render\ShadowCascadePass.cpp">
      <Filter>Render</Filter>
    </ClCompile>
    <ClCompile Include="..\WorldsEngine\Render\SkyboxPass.cpp">
      <Filter>Render</Filter>
    </ClCompile>
    <ClCompile Include="..\WorldsEngine\Render\TextureSlots.cpp">
      <Filter>Render</Filter>
    </ClCompile>
    <ClCompile Include="..\WorldsEngine\Render\TonemapRenderPass.cpp">
      <Filter>Render</Filter>
    </ClCompile>
    <ClCompile Include="..\WorldsEngine\Render\vkrender.cpp">
      <Filter>Render</Filter>
    </ClCompile>
    <ClCompile Include="..\WorldsEngine\Render\vkswapchain.cpp">
      <Filter>Render</Filter>
    </ClCompile>
    <ClCompile Include="..\WorldsEngine\Render\VRCullMeshRenderer.cpp">
      <Filter>Render</Filter>
    </ClCompile>
    <ClCompile Include="..\WorldsEngine\Render\WorldSpaceUIPass.cpp">
      <Filter>Render</Filter>
    </ClCompile>
    <ClCompile Include="..\WorldsEngine\Render\AdditionalShadowsPass.cpp">
      <Filter>Render</Filter>
    </ClCompile>
    <ClCompile Include="..\WorldsEngine\Render\BRDFLUTRenderer.cpp">
      <Filter>Render</Filter>
    </ClCompile>
    <ClCompile Include="..\WorldsEngine\Render\CubemapConvoluter.cpp">
      <Filter>Render</Filter>
    </ClCompile>
    <ClCompile Include="..\WorldsEngine\Render\CubemapSlots.cpp">
      <Filter>Render</Filter>
    </ClCompile>
    <ClCompile Include="..\WorldsEngine\Render\DebugLinesPass.cpp">
      <Filter>Render</Filter>
    </ClCompile>
    <ClCompile Include="..\WorldsEngine\Render\DepthPrepass.cpp">
      <Filter>Render</Filter>
    </ClCompile>
    <ClCompile Include="..\WorldsEngine\Render\ImGuiRenderPass.cpp">
      <Filter>Render</Filter>
    </ClCompile>
    <ClCompile Include="..\WorldsEngine\Render\MaterialSlots.cpp">
      <Filter>Render</Filter>
    </ClCompile>
    <ClCompile Include="..\WorldsEngine\Render\PipelineCacheSerializer.cpp">
      <Filter>Render</Filter>
    </ClCompile>
    <ClCompile Include="..\WorldsEngine\Render\PolyRenderPass.cpp">
      <Filter>Render</Filter>
    </ClCompile>
    <ClCompile Include="..\WorldsEngine\Render\RTTPass.cpp">
      <Filter>Render</Filter>
    </ClCompile>
    <ClCompile Include="..\WorldsEngine\Render\ShaderCache.cpp">
      <Filter>Render</Filter>
    </ClCompile>
    <ClCompile Include="..\WorldsEngine\Render\Loaders\RobloxMeshLoader.cpp">
      <Filter>Render\Loaders</Filter>
    </ClCompile>
    <ClCompile Include="..\WorldsEngine\Render\Loaders\SourceModelLoader.cpp">
      <Filter>Render\Loaders</Filter>
    </ClCompile>
    <ClCompile Include="..\WorldsEngine\Render\Loaders\TextureLoader.cpp">
      <Filter>Render\Loaders</Filter>
    </ClCompile>
    <ClCompile Include="..\WorldsEngine\Render\Loaders\VTFLoader.cpp">
      <Filter>Render\Loaders</Filter>
    </ClCompile>
    <ClCompile Include="..\WorldsEngine\Render\Loaders\WMDLLoader.cpp">
      <Filter>Render\Loaders</Filter>
    </ClCompile>
    <ClCompile Include="..\WorldsEngine\Render\Loaders\CubemapLoader.cpp">
      <Filter>Render\Loaders</Filter>
    </ClCompile>
    <ClCompile Include="..\WorldsEngine\Render\Loaders\ObjModelLoader.cpp">
      <Filter>Render\Loaders</Filter>
    </ClCompile>
    <ClCompile Include="..\WorldsEngine\Scripting\NetVM.cpp">
      <Filter>Scripting</Filter>
    </ClCompile>
    <ClCompile Include="..\WorldsEngine\Serialization\JsonSceneSerializer.cpp">
      <Filter>Serialization</Filter>
    </ClCompile>
    <ClCompile Include="..\WorldsEngine\Serialization\SceneSerialization.cpp">
      <Filter>Serialization</Filter>
    </ClCompile>
    <ClCompile Include="..\WorldsEngine\Serialization\BinarySceneSerializer.cpp">
      <Filter>Serialization</Filter>
    </ClCompile>
    <ClCompile Include="..\WorldsEngine\Serialization\ESceneSerializationFunctions.cpp">
      <Filter>Serialization</Filter>
    </ClCompile>
    <ClCompile Include="..\WorldsEngine\Util\JsonUtil.cpp">
      <Filter>Util</Filter>
    </ClCompile>
    <ClCompile Include="..\WorldsEngine\Util\RichPresence.cpp">
      <Filter>Util</Filter>
    </ClCompile>
    <ClCompile Include="..\WorldsEngine\Util\VKImGUIUtil.cpp">
      <Filter>Util</Filter>
    </ClCompile>
    <ClCompile Include="..\WorldsEngine\VR\OpenVRInterface.cpp">
      <Filter>VR</Filter>
    </ClCompile>
    <ClCompile Include="..\LonelyGalaxy\DebugArrow.cpp">
      <Filter>LonelyGalaxy</Filter>
    </ClCompile>
    <ClCompile Include="..\LonelyGalaxy\EventHandler.cpp">
      <Filter>LonelyGalaxy</Filter>
    </ClCompile>
    <ClCompile Include="..\LonelyGalaxy\Main.cpp">
      <Filter>LonelyGalaxy</Filter>
    </ClCompile>
    <ClCompile Include="..\LonelyGalaxy\MathsUtil.cpp">
      <Filter>LonelyGalaxy</Filter>
    </ClCompile>
    <ClCompile Include="..\WorldsEngine\Editor\GameProject.cpp">
      <Filter>Editor</Filter>
    </ClCompile>
    <ClCompile Include="..\WorldsEngine\ImGui\imgui_freetype.cpp">
      <Filter>ImGui</Filter>
    </ClCompile>
    <ClCompile Include="..\WorldsEngine\Editor\EditorWindows\RawAssets.cpp">
      <Filter>Editor\EditorWindows</Filter>
    </ClCompile>
    <ClCompile Include="..\WorldsEngine\Core\SplashScreenImpls\SplashScreenX11.cpp">
      <Filter>Core\SplashScreenImpls</Filter>
    </ClCompile>
    <ClCompile Include="..\WorldsEngine\Core\SplashScreenImpls\SplashScreenWin32.cpp">
      <Filter>Core\SplashScreenImpls</Filter>
    </ClCompile>
    <ClCompile Include="..\WorldsEngine\Render\LightCullPass.cpp">
      <Filter>Render</Filter>
    </ClCompile>
    <ClCompile Include="..\WorldsEngine\Render\vku\DebugCallback.cpp">
      <Filter>Render\vku</Filter>
    </ClCompile>
    <ClCompile Include="..\WorldsEngine\Render\vku\DeviceMaker.cpp">
      <Filter>Render\vku</Filter>
    </ClCompile>
    <ClCompile Include="..\WorldsEngine\Render\vku\Image.cpp">
      <Filter>Render\vku</Filter>
    </ClCompile>
    <ClCompile Include="..\WorldsEngine\Render\vku\InstanceMaker.cpp">
      <Filter>Render\vku</Filter>
    </ClCompile>
    <ClCompile Include="..\WorldsEngine\Render\vku\vku.cpp">
      <Filter>Render\vku</Filter>
    </ClCompile>
    <ClCompile Include="..\WorldsEngine\Render\vku\PipelineMakers.cpp">
      <Filter>Render\vku</Filter>
    </ClCompile>
    <ClCompile Include="..\WorldsEngine\Render\vku\Buffer.cpp">
      <Filter>Render\vku</Filter>
    </ClCompile>
    <ClCompile Include="..\WorldsEngine\Core\MeshManager.cpp">
      <Filter>Core</Filter>
    </ClCompile>
    <ClCompile Include="..\WorldsEngine\Render\vku\SamplerMaker.cpp">
      <Filter>Render\vku</Filter>
    </ClCompile>
    <ClCompile Include="..\WorldsEngine\Render\MainPass.cpp">
      <Filter>Render</Filter>
    </ClCompile>
    <ClCompile Include="..\WorldsEngine\Render\ShaderReflector.cpp">
      <Filter>Render</Filter>
    </ClCompile>
    <ClCompile Include="..\WorldsEngine\Render\BloomRenderPass.cpp">
      <Filter>Render</Filter>
    </ClCompile>
    <ClCompile Include="..\WorldsEngine\Core\Window.cpp">
      <Filter>Core</Filter>
    </ClCompile>
    <ClCompile Include="..\WorldsEngine\Editor\EditorWindows\AssetCompilationManager.cpp">
      <Filter>Editor\EditorWindows</Filter>
    </ClCompile>
    <ClCompile Include="..\WorldsEngine\Util\MathsUtil.cpp">
      <Filter>Util</Filter>
    </ClCompile>
    <ClCompile Include="..\WorldsEngine\Render\VKUITextureManager.cpp">
      <Filter>Render</Filter>
    </ClCompile>
    <ClCompile Include="..\WorldsEngine\Render\VKPresentSubmitManager.cpp">
      <Filter>Render</Filter>
    </ClCompile>
    <ClCompile Include="..\WorldsEngine\Render\DeletionQueue.cpp">
      <Filter>Render</Filter>
    </ClCompile>
    <ClCompile Include="..\WorldsEngine\Core\EngineArguments.cpp">
      <Filter>Core</Filter>
    </ClCompile>
    <ClCompile Include="..\WorldsEngine\Navigation\Navigation.cpp">
      <Filter>Navigation</Filter>
    </ClCompile>
    <ClCompile Include="..\WorldsEngine\AssetCompilation\RawTextureLoader.cpp">
      <Filter>AssetCompilation</Filter>
    </ClCompile>
  </ItemGroup>
  <ItemGroup>
    <ClInclude Include="..\WorldsEngine\AssetCompilation\AssetCompilerUtil.hpp">
      <Filter>AssetCompilation</Filter>
    </ClInclude>
    <ClInclude Include="..\WorldsEngine\AssetCompilation\ModelCompiler.hpp">
      <Filter>AssetCompilation</Filter>
    </ClInclude>
    <ClInclude Include="..\WorldsEngine\AssetCompilation\TextureCompiler.hpp">
      <Filter>AssetCompilation</Filter>
    </ClInclude>
    <ClInclude Include="..\WorldsEngine\AssetCompilation\AssetCompilers.hpp">
      <Filter>AssetCompilation</Filter>
    </ClInclude>
    <ClInclude Include="..\WorldsEngine\Audio\Audio.hpp">
      <Filter>Audio</Filter>
    </ClInclude>
    <ClInclude Include="..\WorldsEngine\ComponentMeta\ComponentFuncs.hpp">
      <Filter>ComponentMeta</Filter>
    </ClInclude>
    <ClInclude Include="..\WorldsEngine\ComponentMeta\ComponentMetadata.hpp">
      <Filter>ComponentMeta</Filter>
    </ClInclude>
    <ClInclude Include="..\WorldsEngine\ComponentMeta\D6JointEditor.hpp">
      <Filter>ComponentMeta</Filter>
    </ClInclude>
    <ClInclude Include="..\WorldsEngine\ComponentMeta\ComponentEditorUtil.hpp">
      <Filter>ComponentMeta</Filter>
    </ClInclude>
    <ClInclude Include="..\WorldsEngine\Core\JobSystem.hpp">
      <Filter>Core</Filter>
    </ClInclude>
    <ClInclude Include="..\WorldsEngine\Core\Log.hpp">
      <Filter>Core</Filter>
    </ClInclude>
    <ClInclude Include="..\WorldsEngine\Core\LogCategories.hpp">
      <Filter>Core</Filter>
    </ClInclude>
    <ClInclude Include="..\WorldsEngine\Core\NameComponent.hpp">
      <Filter>Core</Filter>
    </ClInclude>
    <ClInclude Include="..\WorldsEngine\Core\SplashWindow.hpp">
      <Filter>Core</Filter>
    </ClInclude>
    <ClInclude Include="..\WorldsEngine\Core\Transform.hpp">
      <Filter>Core</Filter>
    </ClInclude>
    <ClInclude Include="..\WorldsEngine\Core\AssetDB.hpp">
      <Filter>Core</Filter>
    </ClInclude>
    <ClInclude Include="..\WorldsEngine\Core\Console.hpp">
      <Filter>Core</Filter>
    </ClInclude>
    <ClInclude Include="..\WorldsEngine\Core\EarlySDLUtil.hpp">
      <Filter>Core</Filter>
    </ClInclude>
    <ClInclude Include="..\WorldsEngine\Core\Engine.hpp">
      <Filter>Core</Filter>
    </ClInclude>
    <ClInclude Include="..\WorldsEngine\Core\Fatal.hpp">
      <Filter>Core</Filter>
    </ClInclude>
    <ClInclude Include="..\WorldsEngine\Core\IGameEventHandler.hpp">
      <Filter>Core</Filter>
    </ClInclude>
    <ClInclude Include="..\WorldsEngine\Core\ISystem.hpp">
      <Filter>Core</Filter>
    </ClInclude>
    <ClInclude Include="..\WorldsEngine\Editor\EditorWindows\EditorWindows.hpp">
      <Filter>Editor\EditorWindows</Filter>
    </ClInclude>
    <ClInclude Include="..\WorldsEngine\Editor\TextureEditor.hpp">
      <Filter>Editor</Filter>
    </ClInclude>
    <ClInclude Include="..\WorldsEngine\Editor\UITextureManager.hpp">
      <Filter>Editor</Filter>
    </ClInclude>
    <ClInclude Include="..\WorldsEngine\Editor\AssetEditors.hpp">
      <Filter>Editor</Filter>
    </ClInclude>
    <ClInclude Include="..\WorldsEngine\Editor\Editor.hpp">
      <Filter>Editor</Filter>
    </ClInclude>
    <ClInclude Include="..\WorldsEngine\Editor\GuiUtil.hpp">
      <Filter>Editor</Filter>
    </ClInclude>
    <ClInclude Include="..\WorldsEngine\Editor\ModelEditor.hpp">
      <Filter>Editor</Filter>
    </ClInclude>
    <ClInclude Include="..\WorldsEngine\ImGui\ImGuizmo.h">
      <Filter>ImGui</Filter>
    </ClInclude>
    <ClInclude Include="..\WorldsEngine\ImGui\imstb_rectpack.h">
      <Filter>ImGui</Filter>
    </ClInclude>
    <ClInclude Include="..\WorldsEngine\ImGui\imstb_textedit.h">
      <Filter>ImGui</Filter>
    </ClInclude>
    <ClInclude Include="..\WorldsEngine\ImGui\imstb_truetype.h">
      <Filter>ImGui</Filter>
    </ClInclude>
    <ClInclude Include="..\WorldsEngine\ImGui\cimgui.h">
      <Filter>ImGui</Filter>
    </ClInclude>
    <ClInclude Include="..\WorldsEngine\ImGui\imconfig.h">
      <Filter>ImGui</Filter>
    </ClInclude>
    <ClInclude Include="..\WorldsEngine\ImGui\imgui.h">
      <Filter>ImGui</Filter>
    </ClInclude>
    <ClInclude Include="..\WorldsEngine\ImGui\imgui_impl_sdl.h">
      <Filter>ImGui</Filter>
    </ClInclude>
    <ClInclude Include="..\WorldsEngine\ImGui\imgui_impl_vulkan.h">
      <Filter>ImGui</Filter>
    </ClInclude>
    <ClInclude Include="..\WorldsEngine\ImGui\imgui_internal.h">
      <Filter>ImGui</Filter>
    </ClInclude>
    <ClInclude Include="..\WorldsEngine\ImGui\imgui_stdlib.h">
      <Filter>ImGui</Filter>
    </ClInclude>
    <ClInclude Include="..\WorldsEngine\Input\Input.hpp">
      <Filter>Input</Filter>
    </ClInclude>
    <ClInclude Include="..\WorldsEngine\IO\IOUtil.hpp">
      <Filter>IO</Filter>
    </ClInclude>
    <ClInclude Include="..\WorldsEngine\IO\physfs.hpp">
      <Filter>IO</Filter>
    </ClInclude>
    <ClInclude Include="..\WorldsEngine\Libs\weldmesh.h">
      <Filter>Libs</Filter>
    </ClInclude>
    <ClInclude Include="..\WorldsEngine\Libs\cxxopts.hpp">
      <Filter>Libs</Filter>
    </ClInclude>
    <ClInclude Include="..\WorldsEngine\Libs\IconsFontaudio.h">
      <Filter>Libs</Filter>
    </ClInclude>
    <ClInclude Include="..\WorldsEngine\Libs\IconsFontAwesome5.h">
      <Filter>Libs</Filter>
    </ClInclude>
    <ClInclude Include="..\WorldsEngine\Libs\mikktspace.h">
      <Filter>Libs</Filter>
    </ClInclude>
    <ClInclude Include="..\WorldsEngine\Libs\pcg_basic.h">
      <Filter>Libs</Filter>
    </ClInclude>
    <ClInclude Include="..\WorldsEngine\Libs\tiny_obj_loader.h">
      <Filter>Libs</Filter>
    </ClInclude>
    <ClInclude Include="..\WorldsEngine\Libs\volk.h">
      <Filter>Libs</Filter>
    </ClInclude>
    <ClInclude Include="..\WorldsEngine\Libs\crnlib\crn_checksum.h">
      <Filter>Libs\crnlib</Filter>
    </ClInclude>
    <ClInclude Include="..\WorldsEngine\Libs\crnlib\crn_clusterizer.h">
      <Filter>Libs\crnlib</Filter>
    </ClInclude>
    <ClInclude Include="..\WorldsEngine\Libs\crnlib\crn_color.h">
      <Filter>Libs\crnlib</Filter>
    </ClInclude>
    <ClInclude Include="..\WorldsEngine\Libs\crnlib\crn_colorized_console.h">
      <Filter>Libs\crnlib</Filter>
    </ClInclude>
    <ClInclude Include="..\WorldsEngine\Libs\crnlib\crn_command_line_params.h">
      <Filter>Libs\crnlib</Filter>
    </ClInclude>
    <ClInclude Include="..\WorldsEngine\Libs\crnlib\crn_comp.h">
      <Filter>Libs\crnlib</Filter>
    </ClInclude>
    <ClInclude Include="..\WorldsEngine\Libs\crnlib\crn_console.h">
      <Filter>Libs\crnlib</Filter>
    </ClInclude>
    <ClInclude Include="..\WorldsEngine\Libs\crnlib\crn_core.h">
      <Filter>Libs\crnlib</Filter>
    </ClInclude>
    <ClInclude Include="..\WorldsEngine\Libs\crnlib\crn_data_stream.h">
      <Filter>Libs\crnlib</Filter>
    </ClInclude>
    <ClInclude Include="..\WorldsEngine\Libs\crnlib\crn_data_stream_serializer.h">
      <Filter>Libs\crnlib</Filter>
    </ClInclude>
    <ClInclude Include="..\WorldsEngine\Libs\crnlib\crn_dds_comp.h">
      <Filter>Libs\crnlib</Filter>
    </ClInclude>
    <ClInclude Include="..\WorldsEngine\Libs\crnlib\crn_dxt.h">
      <Filter>Libs\crnlib</Filter>
    </ClInclude>
    <ClInclude Include="..\WorldsEngine\Libs\crnlib\crn_dxt_endpoint_refiner.h">
      <Filter>Libs\crnlib</Filter>
    </ClInclude>
    <ClInclude Include="..\WorldsEngine\Libs\crnlib\crn_dxt_fast.h">
      <Filter>Libs\crnlib</Filter>
    </ClInclude>
    <ClInclude Include="..\WorldsEngine\Libs\crnlib\crn_dxt_hc.h">
      <Filter>Libs\crnlib</Filter>
    </ClInclude>
    <ClInclude Include="..\WorldsEngine\Libs\crnlib\crn_dxt_hc_common.h">
      <Filter>Libs\crnlib</Filter>
    </ClInclude>
    <ClInclude Include="..\WorldsEngine\Libs\crnlib\crn_dxt_image.h">
      <Filter>Libs\crnlib</Filter>
    </ClInclude>
    <ClInclude Include="..\WorldsEngine\Libs\crnlib\crn_dxt1.h">
      <Filter>Libs\crnlib</Filter>
    </ClInclude>
    <ClInclude Include="..\WorldsEngine\Libs\crnlib\crn_dxt5a.h">
      <Filter>Libs\crnlib</Filter>
    </ClInclude>
    <ClInclude Include="..\WorldsEngine\Libs\crnlib\crn_dynamic_stream.h">
      <Filter>Libs\crnlib</Filter>
    </ClInclude>
    <ClInclude Include="..\WorldsEngine\Libs\crnlib\crn_dynamic_string.h">
      <Filter>Libs\crnlib</Filter>
    </ClInclude>
    <ClInclude Include="..\WorldsEngine\Libs\crnlib\crn_etc.h">
      <Filter>Libs\crnlib</Filter>
    </ClInclude>
    <ClInclude Include="..\WorldsEngine\Libs\crnlib\crn_file_utils.h">
      <Filter>Libs\crnlib</Filter>
    </ClInclude>
    <ClInclude Include="..\WorldsEngine\Libs\crnlib\crn_find_files.h">
      <Filter>Libs\crnlib</Filter>
    </ClInclude>
    <ClInclude Include="..\WorldsEngine\Libs\crnlib\crn_freeimage_image_utils.h">
      <Filter>Libs\crnlib</Filter>
    </ClInclude>
    <ClInclude Include="..\WorldsEngine\Libs\crnlib\crn_hash.h">
      <Filter>Libs\crnlib</Filter>
    </ClInclude>
    <ClInclude Include="..\WorldsEngine\Libs\crnlib\crn_hash_map.h">
      <Filter>Libs\crnlib</Filter>
    </ClInclude>
    <ClInclude Include="..\WorldsEngine\Libs\crnlib\crn_helpers.h">
      <Filter>Libs\crnlib</Filter>
    </ClInclude>
    <ClInclude Include="..\WorldsEngine\Libs\crnlib\crn_huffman_codes.h">
      <Filter>Libs\crnlib</Filter>
    </ClInclude>
    <ClInclude Include="..\WorldsEngine\Libs\crnlib\crn_image.h">
      <Filter>Libs\crnlib</Filter>
    </ClInclude>
    <ClInclude Include="..\WorldsEngine\Libs\crnlib\crn_image_utils.h">
      <Filter>Libs\crnlib</Filter>
    </ClInclude>
    <ClInclude Include="..\WorldsEngine\Libs\crnlib\crn_intersect.h">
      <Filter>Libs\crnlib</Filter>
    </ClInclude>
    <ClInclude Include="..\WorldsEngine\Libs\crnlib\crn_jpgd.h">
      <Filter>Libs\crnlib</Filter>
    </ClInclude>
    <ClInclude Include="..\WorldsEngine\Libs\crnlib\crn_jpge.h">
      <Filter>Libs\crnlib</Filter>
    </ClInclude>
    <ClInclude Include="..\WorldsEngine\Libs\crnlib\crn_ktx_texture.h">
      <Filter>Libs\crnlib</Filter>
    </ClInclude>
    <ClInclude Include="..\WorldsEngine\Libs\crnlib\crn_lzma_codec.h">
      <Filter>Libs\crnlib</Filter>
    </ClInclude>
    <ClInclude Include="..\WorldsEngine\Libs\crnlib\crn_math.h">
      <Filter>Libs\crnlib</Filter>
    </ClInclude>
    <ClInclude Include="..\WorldsEngine\Libs\crnlib\crn_matrix.h">
      <Filter>Libs\crnlib</Filter>
    </ClInclude>
    <ClInclude Include="..\WorldsEngine\Libs\crnlib\crn_mem.h">
      <Filter>Libs\crnlib</Filter>
    </ClInclude>
    <ClInclude Include="..\WorldsEngine\Libs\crnlib\crn_miniz.h">
      <Filter>Libs\crnlib</Filter>
    </ClInclude>
    <ClInclude Include="..\WorldsEngine\Libs\crnlib\crn_mipmapped_texture.h">
      <Filter>Libs\crnlib</Filter>
    </ClInclude>
    <ClInclude Include="..\WorldsEngine\Libs\crnlib\crn_packed_uint.h">
      <Filter>Libs\crnlib</Filter>
    </ClInclude>
    <ClInclude Include="..\WorldsEngine\Libs\crnlib\crn_pixel_format.h">
      <Filter>Libs\crnlib</Filter>
    </ClInclude>
    <ClInclude Include="..\WorldsEngine\Libs\crnlib\crn_platform.h">
      <Filter>Libs\crnlib</Filter>
    </ClInclude>
    <ClInclude Include="..\WorldsEngine\Libs\crnlib\crn_prefix_coding.h">
      <Filter>Libs\crnlib</Filter>
    </ClInclude>
    <ClInclude Include="..\WorldsEngine\Libs\crnlib\crn_qdxt1.h">
      <Filter>Libs\crnlib</Filter>
    </ClInclude>
    <ClInclude Include="..\WorldsEngine\Libs\crnlib\crn_qdxt5.h">
      <Filter>Libs\crnlib</Filter>
    </ClInclude>
    <ClInclude Include="..\WorldsEngine\Libs\crnlib\crn_radix_sort.h">
      <Filter>Libs\crnlib</Filter>
    </ClInclude>
    <ClInclude Include="..\WorldsEngine\Libs\crnlib\crn_rand.h">
      <Filter>Libs\crnlib</Filter>
    </ClInclude>
    <ClInclude Include="..\WorldsEngine\Libs\crnlib\crn_ray.h">
      <Filter>Libs\crnlib</Filter>
    </ClInclude>
    <ClInclude Include="..\WorldsEngine\Libs\crnlib\crn_rect.h">
      <Filter>Libs\crnlib</Filter>
    </ClInclude>
    <ClInclude Include="..\WorldsEngine\Libs\crnlib\crn_resample_filters.h">
      <Filter>Libs\crnlib</Filter>
    </ClInclude>
    <ClInclude Include="..\WorldsEngine\Libs\crnlib\crn_resampler.h">
      <Filter>Libs\crnlib</Filter>
    </ClInclude>
    <ClInclude Include="..\WorldsEngine\Libs\crnlib\crn_rg_etc1.h">
      <Filter>Libs\crnlib</Filter>
    </ClInclude>
    <ClInclude Include="..\WorldsEngine\Libs\crnlib\crn_ryg_dxt.hpp">
      <Filter>Libs\crnlib</Filter>
    </ClInclude>
    <ClInclude Include="..\WorldsEngine\Libs\crnlib\crn_ryg_types.hpp">
      <Filter>Libs\crnlib</Filter>
    </ClInclude>
    <ClInclude Include="..\WorldsEngine\Libs\crnlib\crn_sparse_array.h">
      <Filter>Libs\crnlib</Filter>
    </ClInclude>
    <ClInclude Include="..\WorldsEngine\Libs\crnlib\crn_sparse_bit_array.h">
      <Filter>Libs\crnlib</Filter>
    </ClInclude>
    <ClInclude Include="..\WorldsEngine\Libs\crnlib\crn_strutils.h">
      <Filter>Libs\crnlib</Filter>
    </ClInclude>
    <ClInclude Include="..\WorldsEngine\Libs\crnlib\crn_symbol_codec.h">
      <Filter>Libs\crnlib</Filter>
    </ClInclude>
    <ClInclude Include="..\WorldsEngine\Libs\crnlib\crn_texture_comp.h">
      <Filter>Libs\crnlib</Filter>
    </ClInclude>
    <ClInclude Include="..\WorldsEngine\Libs\crnlib\crn_texture_conversion.h">
      <Filter>Libs\crnlib</Filter>
    </ClInclude>
    <ClInclude Include="..\WorldsEngine\Libs\crnlib\crn_texture_file_types.h">
      <Filter>Libs\crnlib</Filter>
    </ClInclude>
    <ClInclude Include="..\WorldsEngine\Libs\crnlib\crn_threaded_clusterizer.h">
      <Filter>Libs\crnlib</Filter>
    </ClInclude>
    <ClInclude Include="..\WorldsEngine\Libs\crnlib\crn_threaded_resampler.h">
      <Filter>Libs\crnlib</Filter>
    </ClInclude>
    <ClInclude Include="..\WorldsEngine\Libs\crnlib\crn_threading.h">
      <Filter>Libs\crnlib</Filter>
    </ClInclude>
    <ClInclude Include="..\WorldsEngine\Libs\crnlib\crn_threading_null.h">
      <Filter>Libs\crnlib</Filter>
    </ClInclude>
    <ClInclude Include="..\WorldsEngine\Libs\crnlib\crn_threading_pthreads.h">
      <Filter>Libs\crnlib</Filter>
    </ClInclude>
    <ClInclude Include="..\WorldsEngine\Libs\crnlib\crn_threading_win32.h">
      <Filter>Libs\crnlib</Filter>
    </ClInclude>
    <ClInclude Include="..\WorldsEngine\Libs\crnlib\crn_timer.h">
      <Filter>Libs\crnlib</Filter>
    </ClInclude>
    <ClInclude Include="..\WorldsEngine\Libs\crnlib\crn_traits.h">
      <Filter>Libs\crnlib</Filter>
    </ClInclude>
    <ClInclude Include="..\WorldsEngine\Libs\crnlib\crn_tree_clusterizer.h">
      <Filter>Libs\crnlib</Filter>
    </ClInclude>
    <ClInclude Include="..\WorldsEngine\Libs\crnlib\crn_types.h">
      <Filter>Libs\crnlib</Filter>
    </ClInclude>
    <ClInclude Include="..\WorldsEngine\Libs\crnlib\crn_utils.h">
      <Filter>Libs\crnlib</Filter>
    </ClInclude>
    <ClInclude Include="..\WorldsEngine\Libs\crnlib\crn_value.h">
      <Filter>Libs\crnlib</Filter>
    </ClInclude>
    <ClInclude Include="..\WorldsEngine\Libs\crnlib\crn_vec.h">
      <Filter>Libs\crnlib</Filter>
    </ClInclude>
    <ClInclude Include="..\WorldsEngine\Libs\crnlib\crn_vec_interval.h">
      <Filter>Libs\crnlib</Filter>
    </ClInclude>
    <ClInclude Include="..\WorldsEngine\Libs\crnlib\crn_vector.h">
      <Filter>Libs\crnlib</Filter>
    </ClInclude>
    <ClInclude Include="..\WorldsEngine\Libs\crnlib\crn_vector2d.h">
      <Filter>Libs\crnlib</Filter>
    </ClInclude>
    <ClInclude Include="..\WorldsEngine\Libs\crnlib\crn_winhdr.h">
      <Filter>Libs\crnlib</Filter>
    </ClInclude>
    <ClInclude Include="..\WorldsEngine\Libs\crnlib\crn_zeng.h">
      <Filter>Libs\crnlib</Filter>
    </ClInclude>
    <ClInclude Include="..\WorldsEngine\Libs\crnlib\lzham_timer.h">
      <Filter>Libs\crnlib</Filter>
    </ClInclude>
    <ClInclude Include="..\WorldsEngine\Libs\crnlib\lzham_win32_threading.h">
      <Filter>Libs\crnlib</Filter>
    </ClInclude>
    <ClInclude Include="..\WorldsEngine\Libs\crnlib\lzma_7zBuf.h">
      <Filter>Libs\crnlib</Filter>
    </ClInclude>
    <ClInclude Include="..\WorldsEngine\Libs\crnlib\lzma_7zCrc.h">
      <Filter>Libs\crnlib</Filter>
    </ClInclude>
    <ClInclude Include="..\WorldsEngine\Libs\crnlib\lzma_7zFile.h">
      <Filter>Libs\crnlib</Filter>
    </ClInclude>
    <ClInclude Include="..\WorldsEngine\Libs\crnlib\lzma_7zVersion.h">
      <Filter>Libs\crnlib</Filter>
    </ClInclude>
    <ClInclude Include="..\WorldsEngine\Libs\crnlib\lzma_Alloc.h">
      <Filter>Libs\crnlib</Filter>
    </ClInclude>
    <ClInclude Include="..\WorldsEngine\Libs\crnlib\lzma_Bcj2.h">
      <Filter>Libs\crnlib</Filter>
    </ClInclude>
    <ClInclude Include="..\WorldsEngine\Libs\crnlib\lzma_Bra.h">
      <Filter>Libs\crnlib</Filter>
    </ClInclude>
    <ClInclude Include="..\WorldsEngine\Libs\crnlib\lzma_CpuArch.h">
      <Filter>Libs\crnlib</Filter>
    </ClInclude>
    <ClInclude Include="..\WorldsEngine\Libs\crnlib\lzma_LzFind.h">
      <Filter>Libs\crnlib</Filter>
    </ClInclude>
    <ClInclude Include="..\WorldsEngine\Libs\crnlib\lzma_LzFindMt.h">
      <Filter>Libs\crnlib</Filter>
    </ClInclude>
    <ClInclude Include="..\WorldsEngine\Libs\crnlib\lzma_LzHash.h">
      <Filter>Libs\crnlib</Filter>
    </ClInclude>
    <ClInclude Include="..\WorldsEngine\Libs\crnlib\lzma_LzmaDec.h">
      <Filter>Libs\crnlib</Filter>
    </ClInclude>
    <ClInclude Include="..\WorldsEngine\Libs\crnlib\lzma_LzmaEnc.h">
      <Filter>Libs\crnlib</Filter>
    </ClInclude>
    <ClInclude Include="..\WorldsEngine\Libs\crnlib\lzma_LzmaLib.h">
      <Filter>Libs\crnlib</Filter>
    </ClInclude>
    <ClInclude Include="..\WorldsEngine\Libs\crnlib\lzma_MyVersion.h">
      <Filter>Libs\crnlib</Filter>
    </ClInclude>
    <ClInclude Include="..\WorldsEngine\Libs\crnlib\lzma_Threads.h">
      <Filter>Libs\crnlib</Filter>
    </ClInclude>
    <ClInclude Include="..\WorldsEngine\Libs\crnlib\lzma_Types.h">
      <Filter>Libs\crnlib</Filter>
    </ClInclude>
    <ClInclude Include="..\WorldsEngine\Libs\crnlib\crn_arealist.h">
      <Filter>Libs\crnlib</Filter>
    </ClInclude>
    <ClInclude Include="..\WorldsEngine\Libs\crnlib\crn_assert.h">
      <Filter>Libs\crnlib</Filter>
    </ClInclude>
    <ClInclude Include="..\WorldsEngine\Libs\crnlib\crn_atomics.h">
      <Filter>Libs\crnlib</Filter>
    </ClInclude>
    <ClInclude Include="..\WorldsEngine\Libs\crnlib\crn_buffer_stream.h">
      <Filter>Libs\crnlib</Filter>
    </ClInclude>
    <ClInclude Include="..\WorldsEngine\Libs\crnlib\crn_cfile_stream.h">
      <Filter>Libs\crnlib</Filter>
    </ClInclude>
    <ClInclude Include="..\WorldsEngine\Physics\FixedJoint.hpp">
      <Filter>Physics</Filter>
    </ClInclude>
    <ClInclude Include="..\WorldsEngine\Physics\Physics.hpp">
      <Filter>Physics</Filter>
    </ClInclude>
    <ClInclude Include="..\WorldsEngine\Physics\PhysicsActor.hpp">
      <Filter>Physics</Filter>
    </ClInclude>
    <ClInclude Include="..\WorldsEngine\Physics\D6Joint.hpp">
      <Filter>Physics</Filter>
    </ClInclude>
    <ClInclude Include="..\WorldsEngine\Physics\FilterEntities.hpp">
      <Filter>Physics</Filter>
    </ClInclude>
    <ClInclude Include="..\WorldsEngine\Render\Camera.hpp">
      <Filter>Render</Filter>
    </ClInclude>
    <ClInclude Include="..\WorldsEngine\Render\Frustum.hpp">
      <Filter>Render</Filter>
    </ClInclude>
    <ClInclude Include="..\WorldsEngine\Render\PackedMaterial.hpp">
      <Filter>Render</Filter>
    </ClInclude>
    <ClInclude Include="..\WorldsEngine\Render\Render.hpp">
      <Filter>Render</Filter>
    </ClInclude>
    <ClInclude Include="..\WorldsEngine\Render\RendererComponents.hpp">
      <Filter>Render</Filter>
    </ClInclude>
    <ClInclude Include="..\WorldsEngine\Render\RenderPasses.hpp">
      <Filter>Render</Filter>
    </ClInclude>
    <ClInclude Include="..\WorldsEngine\Render\ResourceSlots.hpp">
      <Filter>Render</Filter>
    </ClInclude>
    <ClInclude Include="..\WorldsEngine\Render\ShaderCache.hpp">
      <Filter>Render</Filter>
    </ClInclude>
    <ClInclude Include="..\WorldsEngine\Render\vku\vku.hpp">
      <Filter>Render\vku</Filter>
    </ClInclude>
    <ClInclude Include="..\WorldsEngine\Render\Loaders\ObjModelLoader.hpp">
      <Filter>Render\Loaders</Filter>
    </ClInclude>
    <ClInclude Include="..\WorldsEngine\Render\Loaders\RobloxMeshLoader.hpp">
      <Filter>Render\Loaders</Filter>
    </ClInclude>
    <ClInclude Include="..\WorldsEngine\Render\Loaders\SourceModelLoader.hpp">
      <Filter>Render\Loaders</Filter>
    </ClInclude>
    <ClInclude Include="..\WorldsEngine\Render\Loaders\TextureLoader.hpp">
      <Filter>Render\Loaders</Filter>
    </ClInclude>
    <ClInclude Include="..\WorldsEngine\Render\Loaders\WMDLLoader.hpp">
      <Filter>Render\Loaders</Filter>
    </ClInclude>
    <ClInclude Include="..\WorldsEngine\Render\Loaders\CubemapLoader.hpp">
      <Filter>Render\Loaders</Filter>
    </ClInclude>
    <ClInclude Include="..\WorldsEngine\Scripting\EditorBindings.hpp">
      <Filter>Scripting</Filter>
    </ClInclude>
    <ClInclude Include="..\WorldsEngine\Scripting\Export.hpp">
      <Filter>Scripting</Filter>
    </ClInclude>
    <ClInclude Include="..\WorldsEngine\Scripting\InputBindings.hpp">
      <Filter>Scripting</Filter>
    </ClInclude>
    <ClInclude Include="..\WorldsEngine\Scripting\NetVM.hpp">
      <Filter>Scripting</Filter>
    </ClInclude>
    <ClInclude Include="..\WorldsEngine\Scripting\PhysicsBindings.hpp">
      <Filter>Scripting</Filter>
    </ClInclude>
    <ClInclude Include="..\WorldsEngine\Scripting\RegistryBindings.hpp">
      <Filter>Scripting</Filter>
    </ClInclude>
    <ClInclude Include="..\WorldsEngine\Scripting\ScriptComponent.hpp">
      <Filter>Scripting</Filter>
    </ClInclude>
    <ClInclude Include="..\WorldsEngine\Scripting\VRBindings.hpp">
      <Filter>Scripting</Filter>
    </ClInclude>
    <ClInclude Include="..\WorldsEngine\Scripting\WorldObjectBindings.hpp">
      <Filter>Scripting</Filter>
    </ClInclude>
    <ClInclude Include="..\WorldsEngine\Scripting\WorldTextBindings.hpp">
      <Filter>Scripting</Filter>
    </ClInclude>
    <ClInclude Include="..\WorldsEngine\Scripting\AssetDBBindings.hpp">
      <Filter>Scripting</Filter>
    </ClInclude>
    <ClInclude Include="..\WorldsEngine\Scripting\AudioBindings.hpp">
      <Filter>Scripting</Filter>
    </ClInclude>
    <ClInclude Include="..\WorldsEngine\Scripting\CameraBindings.hpp">
      <Filter>Scripting</Filter>
    </ClInclude>
    <ClInclude Include="..\WorldsEngine\Scripting\ComponentMetadataBindings.hpp">
      <Filter>Scripting</Filter>
    </ClInclude>
    <ClInclude Include="..\WorldsEngine\Scripting\ConsoleBindings.hpp">
      <Filter>Scripting</Filter>
    </ClInclude>
    <ClInclude Include="..\WorldsEngine\Scripting\DynamicPhysicsActorBindings.hpp">
      <Filter>Scripting</Filter>
    </ClInclude>
    <ClInclude Include="..\WorldsEngine\Serialization\SceneSerialization.hpp">
      <Filter>Serialization</Filter>
    </ClInclude>
    <ClInclude Include="..\WorldsEngine\Serialization\SceneSerializationFuncs.hpp">
      <Filter>Serialization</Filter>
    </ClInclude>
    <ClInclude Include="..\WorldsEngine\UI\WorldTextComponent.hpp">
      <Filter>UI</Filter>
    </ClInclude>
    <ClInclude Include="..\WorldsEngine\Util\JsonUtil.hpp">
      <Filter>Util</Filter>
    </ClInclude>
    <ClInclude Include="..\WorldsEngine\Util\MatUtil.hpp">
      <Filter>Util</Filter>
    </ClInclude>
    <ClInclude Include="..\WorldsEngine\Util\Result.hpp">
      <Filter>Util</Filter>
    </ClInclude>
    <ClInclude Include="..\WorldsEngine\Util\RichPresence.hpp">
      <Filter>Util</Filter>
    </ClInclude>
    <ClInclude Include="..\WorldsEngine\Util\StaticLinkedList.hpp">
      <Filter>Util</Filter>
    </ClInclude>
    <ClInclude Include="..\WorldsEngine\Util\TimingUtil.hpp">
      <Filter>Util</Filter>
    </ClInclude>
    <ClInclude Include="..\WorldsEngine\Util\VKImGUIUtil.hpp">
      <Filter>Util</Filter>
    </ClInclude>
    <ClInclude Include="..\WorldsEngine\Util\CreateModelObject.hpp">
      <Filter>Util</Filter>
    </ClInclude>
    <ClInclude Include="..\WorldsEngine\Util\EnumUtil.hpp">
      <Filter>Util</Filter>
    </ClInclude>
    <ClInclude Include="..\WorldsEngine\Util\Fnv.hpp">
      <Filter>Util</Filter>
    </ClInclude>
    <ClInclude Include="..\WorldsEngine\Util\GlmStreamOps.hpp">
      <Filter>Util</Filter>
    </ClInclude>
    <ClInclude Include="..\WorldsEngine\VR\IVRInterface.hpp">
      <Filter>VR</Filter>
    </ClInclude>
    <ClInclude Include="..\WorldsEngine\VR\OpenVRInterface.hpp">
      <Filter>VR</Filter>
    </ClInclude>
    <ClInclude Include="..\LonelyGalaxy\DebugArrow.hpp">
      <Filter>LonelyGalaxy</Filter>
    </ClInclude>
    <ClInclude Include="..\LonelyGalaxy\EventHandler.hpp">
      <Filter>LonelyGalaxy</Filter>
    </ClInclude>
    <ClInclude Include="..\LonelyGalaxy\MathsUtil.hpp">
      <Filter>LonelyGalaxy</Filter>
    </ClInclude>
    <ClInclude Include="..\WorldsEngine\Render\RenderInternal.hpp">
      <Filter>Render</Filter>
    </ClInclude>
    <ClInclude Include="..\WorldsEngine\ImGui\imgui_freetype.h">
      <Filter>ImGui</Filter>
    </ClInclude>
    <ClInclude Include="..\WorldsEngine\Core\SplashScreenImpls\SplashScreenWin32.hpp">
      <Filter>Core\SplashScreenImpls</Filter>
    </ClInclude>
    <ClInclude Include="..\WorldsEngine\Core\SplashScreenImpls\SplashScreenX11.hpp">
      <Filter>Core\SplashScreenImpls</Filter>
    </ClInclude>
    <ClInclude Include="..\WorldsEngine\Core\SplashScreenImpls\ISplashScreen.hpp">
      <Filter>Core\SplashScreenImpls</Filter>
    </ClInclude>
    <ClInclude Include="..\WorldsEngine\Scripting\AudioSourceBindings.hpp">
      <Filter>Scripting</Filter>
    </ClInclude>
    <ClInclude Include="..\WorldsEngine\Render\vku\Buffer.hpp">
      <Filter>Render\vku</Filter>
    </ClInclude>
    <ClInclude Include="..\WorldsEngine\Render\vku\DebugCallback.hpp">
      <Filter>Render\vku</Filter>
    </ClInclude>
    <ClInclude Include="..\WorldsEngine\Render\vku\DescriptorSetUtil.hpp">
      <Filter>Render\vku</Filter>
    </ClInclude>
    <ClInclude Include="..\WorldsEngine\Render\vku\DeviceMaker.hpp">
      <Filter>Render\vku</Filter>
    </ClInclude>
    <ClInclude Include="..\WorldsEngine\Render\vku\InstanceMaker.hpp">
      <Filter>Render\vku</Filter>
    </ClInclude>
    <ClInclude Include="..\WorldsEngine\Render\vku\RenderpassMaker.hpp">
      <Filter>Render\vku</Filter>
    </ClInclude>
    <ClInclude Include="..\WorldsEngine\Render\vku\vkcheck.hpp">
      <Filter>Render\vku</Filter>
    </ClInclude>
    <ClInclude Include="..\WorldsEngine\Scripting\SkinnedWorldObjectBindings.hpp">
      <Filter>Scripting</Filter>
    </ClInclude>
    <ClInclude Include="..\WorldsEngine\Core\MeshManager.hpp">
      <Filter>Core</Filter>
    </ClInclude>
    <ClInclude Include="..\WorldsEngine\Scripting\MeshManagerBindings.hpp">
      <Filter>Scripting</Filter>
    </ClInclude>
    <ClInclude Include="..\ModelFormat\WMDL.hpp" />
    <ClInclude Include="..\WorldsEngine\Core\Window.hpp">
      <Filter>Core</Filter>
    </ClInclude>
    <ClInclude Include="..\WorldsEngine\Util\MathsUtil.hpp">
      <Filter>Util</Filter>
    </ClInclude>
    <ClInclude Include="..\WorldsEngine\Navigation\Navigation.hpp">
      <Filter>Navigation</Filter>
    </ClInclude>
    <ClInclude Include="..\WorldsEngine\Scripting\NavigationSystemBindings.hpp">
      <Filter>Scripting</Filter>
    </ClInclude>
    <ClInclude Include="..\WorldsEngine\AssetCompilation\RawTextureLoader.hpp">
      <Filter>AssetCompilation</Filter>
    </ClInclude>
    <ClInclude Include="..\TextureFormat\WTex.hpp" />
    <ClInclude Include="..\WorldsEngine\Core\WorldComponents.hpp">
      <Filter>Core</Filter>
    </ClInclude>
  </ItemGroup>
</Project>